
Microsoft Visual Studio Solution File, Format Version 12.00
# Visual Studio 15
VisualStudioVersion = 15.0.28307.136
MinimumVisualStudioVersion = 10.0.40219.1
Project("{FAE04EC0-301F-11D3-BF4B-00C04F79EFBC}") = "207Proj2", "207Proj2\207Proj2.csproj", "{D105087D-1163-4317-AEB3-5547790E6706}"
EndProject
Project("{FAE04EC0-301F-11D3-BF4B-00C04F79EFBC}") = "PackageData", "PackageData\PackageData.csproj", "{16A11941-9D36-4F24-8C46-A025C54F69FC}"
EndProject
Global
	GlobalSection(SolutionConfigurationPlatforms) = preSolution
		Debug|Any CPU = Debug|Any CPU
		Release|Any CPU = Release|Any CPU
	EndGlobalSection
	GlobalSection(ProjectConfigurationPlatforms) = postSolution
		{D105087D-1163-4317-AEB3-5547790E6706}.Debug|Any CPU.ActiveCfg = Debug|Any CPU
		{D105087D-1163-4317-AEB3-5547790E6706}.Debug|Any CPU.Build.0 = Debug|Any CPU
		{D105087D-1163-4317-AEB3-5547790E6706}.Release|Any CPU.ActiveCfg = Release|Any CPU
		{D105087D-1163-4317-AEB3-5547790E6706}.Release|Any CPU.Build.0 = Release|Any CPU
		{16A11941-9D36-4F24-8C46-A025C54F69FC}.Debug|Any CPU.ActiveCfg = Debug|Any CPU
		{16A11941-9D36-4F24-8C46-A025C54F69FC}.Debug|Any CPU.Build.0 = Debug|Any CPU
		{16A11941-9D36-4F24-8C46-A025C54F69FC}.Release|Any CPU.ActiveCfg = Release|Any CPU
		{16A11941-9D36-4F24-8C46-A025C54F69FC}.Release|Any CPU.Build.0 = Release|Any CPU
	EndGlobalSection
	GlobalSection(SolutionProperties) = preSolution
		HideSolutionNode = FALSE
	EndGlobalSection
	GlobalSection(ExtensibilityGlobals) = postSolution
		SolutionGuid = {2FF87D6A-DDD7-471D-8EAA-16A318921F0E}
	EndGlobalSection
EndGlobal
